
Microsoft Visual Studio Solution File, Format Version 12.00
# Visual Studio Version 17
VisualStudioVersion = 17.7.34031.279
MinimumVisualStudioVersion = 10.0.40219.1
Project("{FAE04EC0-301F-11D3-BF4B-00C04F79EFBC}") = "SimpleClassLibrary", "SimpleClassLibrary.csproj", "{42D79F08-6B51-47C1-8B46-B082F97FBD30}"
EndProject
Project("{FAE04EC0-301F-11D3-BF4B-00C04F79EFBC}") = "Lab7", "..\Lab7\Lab7.csproj", "{78E6621A-11FC-456D-A4F4-AC50636229A0}"
EndProject
Global
	GlobalSection(SolutionConfigurationPlatforms) = preSolution
		Debug|Any CPU = Debug|Any CPU
		Release|Any CPU = Release|Any CPU
	EndGlobalSection
	GlobalSection(ProjectConfigurationPlatforms) = postSolution
		{42D79F08-6B51-47C1-8B46-B082F97FBD30}.Debug|Any CPU.ActiveCfg = Debug|Any CPU
		{42D79F08-6B51-47C1-8B46-B082F97FBD30}.Debug|Any CPU.Build.0 = Debug|Any CPU
		{42D79F08-6B51-47C1-8B46-B082F97FBD30}.Release|Any CPU.ActiveCfg = Release|Any CPU
		{42D79F08-6B51-47C1-8B46-B082F97FBD30}.Release|Any CPU.Build.0 = Release|Any CPU
		{78E6621A-11FC-456D-A4F4-AC50636229A0}.Debug|Any CPU.ActiveCfg = Debug|Any CPU
		{78E6621A-11FC-456D-A4F4-AC50636229A0}.Debug|Any CPU.Build.0 = Debug|Any CPU
		{78E6621A-11FC-456D-A4F4-AC50636229A0}.Release|Any CPU.ActiveCfg = Release|Any CPU
		{78E6621A-11FC-456D-A4F4-AC50636229A0}.Release|Any CPU.Build.0 = Release|Any CPU
	EndGlobalSection
	GlobalSection(SolutionProperties) = preSolution
		HideSolutionNode = FALSE
	EndGlobalSection
	GlobalSection(ExtensibilityGlobals) = postSolution
		SolutionGuid = {2CE64018-C8C2-4374-8CBC-65DBEDEF8C95}
	EndGlobalSection
EndGlobal
